
Microsoft Visual Studio Solution File, Format Version 12.00
# Visual Studio 15
VisualStudioVersion = 15.0.27703.2035
MinimumVisualStudioVersion = 10.0.40219.1
Project("{FAE04EC0-301F-11D3-BF4B-00C04F79EFBC}") = "EntityFrameworkExample", "EntityFrameworkExample\EntityFrameworkExample.csproj", "{70B2CD4F-EFB5-4507-A618-280CA48DB2CD}"
EndProject
Global
	GlobalSection(SolutionConfigurationPlatforms) = preSolution
		Debug|Any CPU = Debug|Any CPU
		Release|Any CPU = Release|Any CPU
	EndGlobalSection
	GlobalSection(ProjectConfigurationPlatforms) = postSolution
		{70B2CD4F-EFB5-4507-A618-280CA48DB2CD}.Debug|Any CPU.ActiveCfg = Debug|Any CPU
		{70B2CD4F-EFB5-4507-A618-280CA48DB2CD}.Debug|Any CPU.Build.0 = Debug|Any CPU
		{70B2CD4F-EFB5-4507-A618-280CA48DB2CD}.Release|Any CPU.ActiveCfg = Release|Any CPU
		{70B2CD4F-EFB5-4507-A618-280CA48DB2CD}.Release|Any CPU.Build.0 = Release|Any CPU
	EndGlobalSection
	GlobalSection(SolutionProperties) = preSolution
		HideSolutionNode = FALSE
	EndGlobalSection
	GlobalSection(ExtensibilityGlobals) = postSolution
		SolutionGuid = {711CF1D5-2BAC-488D-8CB4-DA43FEE64A9D}
	EndGlobalSection
EndGlobal
