
Microsoft Visual Studio Solution File, Format Version 12.00
# Visual Studio 15
VisualStudioVersion = 15.0.27428.2027
MinimumVisualStudioVersion = 10.0.40219.1
Project("{FAE04EC0-301F-11D3-BF4B-00C04F79EFBC}") = "BasicExample", "BasicExample\BasicExample.csproj", "{A080BD61-ECB3-4DCD-AC7A-C03CE4A8BBB7}"
EndProject
Global
	GlobalSection(SolutionConfigurationPlatforms) = preSolution
		Debug|Any CPU = Debug|Any CPU
		Release|Any CPU = Release|Any CPU
	EndGlobalSection
	GlobalSection(ProjectConfigurationPlatforms) = postSolution
		{A080BD61-ECB3-4DCD-AC7A-C03CE4A8BBB7}.Debug|Any CPU.ActiveCfg = Debug|Any CPU
		{A080BD61-ECB3-4DCD-AC7A-C03CE4A8BBB7}.Debug|Any CPU.Build.0 = Debug|Any CPU
		{A080BD61-ECB3-4DCD-AC7A-C03CE4A8BBB7}.Release|Any CPU.ActiveCfg = Release|Any CPU
		{A080BD61-ECB3-4DCD-AC7A-C03CE4A8BBB7}.Release|Any CPU.Build.0 = Release|Any CPU
	EndGlobalSection
	GlobalSection(SolutionProperties) = preSolution
		HideSolutionNode = FALSE
	EndGlobalSection
	GlobalSection(ExtensibilityGlobals) = postSolution
		SolutionGuid = {59251ED8-84E1-45BB-B76A-3B8DB0D941BC}
	EndGlobalSection
EndGlobal
